
Microsoft Visual Studio Solution File, Format Version 12.00
# Visual Studio Version 17
VisualStudioVersion = 17.11.35208.52
MinimumVisualStudioVersion = 10.0.40219.1
Project("{FAE04EC0-301F-11D3-BF4B-00C04F79EFBC}") = "5.2", "5.2\5.2.csproj", "{45EBD3D4-D5F5-40EC-A75E-2230EF759BB9}"
EndProject
Global
	GlobalSection(SolutionConfigurationPlatforms) = preSolution
		Debug|Any CPU = Debug|Any CPU
		Release|Any CPU = Release|Any CPU
	EndGlobalSection
	GlobalSection(ProjectConfigurationPlatforms) = postSolution
		{45EBD3D4-D5F5-40EC-A75E-2230EF759BB9}.Debug|Any CPU.ActiveCfg = Debug|Any CPU
		{45EBD3D4-D5F5-40EC-A75E-2230EF759BB9}.Debug|Any CPU.Build.0 = Debug|Any CPU
		{45EBD3D4-D5F5-40EC-A75E-2230EF759BB9}.Release|Any CPU.ActiveCfg = Release|Any CPU
		{45EBD3D4-D5F5-40EC-A75E-2230EF759BB9}.Release|Any CPU.Build.0 = Release|Any CPU
	EndGlobalSection
	GlobalSection(SolutionProperties) = preSolution
		HideSolutionNode = FALSE
	EndGlobalSection
	GlobalSection(ExtensibilityGlobals) = postSolution
		SolutionGuid = {B3F62EE8-3532-4742-A923-F93E4193EDF3}
	EndGlobalSection
EndGlobal
